
Microsoft Visual Studio Solution File, Format Version 12.00
# Visual Studio Version 17
VisualStudioVersion = 17.14.36414.22 d17.14
MinimumVisualStudioVersion = 10.0.40219.1
Project("{FAE04EC0-301F-11D3-BF4B-00C04F79EFBC}") = "U2Tarea", "U2Tarea\U2Tarea.csproj", "{B4ABAB4F-9D05-45B0-B691-4F3EE963E37D}"
EndProject
Global
	GlobalSection(SolutionConfigurationPlatforms) = preSolution
		Debug|Any CPU = Debug|Any CPU
		Release|Any CPU = Release|Any CPU
	EndGlobalSection
	GlobalSection(ProjectConfigurationPlatforms) = postSolution
		{B4ABAB4F-9D05-45B0-B691-4F3EE963E37D}.Debug|Any CPU.ActiveCfg = Debug|Any CPU
		{B4ABAB4F-9D05-45B0-B691-4F3EE963E37D}.Debug|Any CPU.Build.0 = Debug|Any CPU
		{B4ABAB4F-9D05-45B0-B691-4F3EE963E37D}.Release|Any CPU.ActiveCfg = Release|Any CPU
		{B4ABAB4F-9D05-45B0-B691-4F3EE963E37D}.Release|Any CPU.Build.0 = Release|Any CPU
	EndGlobalSection
	GlobalSection(SolutionProperties) = preSolution
		HideSolutionNode = FALSE
	EndGlobalSection
	GlobalSection(ExtensibilityGlobals) = postSolution
		SolutionGuid = {DFFCCEE9-D8CD-41A2-A57D-BD5E5C074AAD}
	EndGlobalSection
EndGlobal
